# This file is automatically @generated by Cargo.
# It is not intended for manual editing.
version = 4

[[package]]
name = "snss-core"
version = "0.1.1"
source = "registry+https://github.com/rust-lang/crates.io-index"
checksum = "cb73d77eea747edc05d6591dcbce90f4801abb4f07faa155facbb28982d77685"

[[package]]
name = "snss-dump"
version = "0.1.0"
dependencies = [
 "snss-core",
]
